{
  "name": "atom-commander",
  "version": "0.12.3",
  "lockfileVersion": 1,
  "requires": true,
  "dependencies": {
    "@aki77/atom-input-dialog": {
      "version": "0.1.3",
      "resolved": "https://registry.npmjs.org/@aki77/atom-input-dialog/-/atom-input-dialog-0.1.3.tgz",
      "integrity": "sha1-w4pIgrJlYZ4dylIfcus7DGiya24=",
      "requires": {
        "atom-space-pen-views": "^2.0.0"
      }
    },
    "@types/atom": {
      "version": "1.40.10",
      "resolved": "https://registry.npmjs.org/@types/atom/-/atom-1.40.10.tgz",
      "integrity": "sha512-aNFUhCuR6nmTTMoYKfWWMifZ3IcNETLWC75hCdg3i1/OvirfR/5qm1wfiISBb4s/TPM2YVEtxytCdWhKJuEhzw==",
      "dev": true,
      "requires": {
        "@types/node": "*"
      }
    },
    "@types/node": {
      "version": "14.14.37",
      "resolved": "https://registry.npmjs.org/@types/node/-/node-14.14.37.tgz",
      "integrity": "sha512-XYmBiy+ohOR4Lh5jE379fV2IU+6Jn4g5qASinhitfyO71b/sCo6MKsMLF5tc7Zf2CE8hViVQyYSobJNke8OvUw==",
      "dev": true
    },
    "asn1": {
      "version": "0.2.3",
      "resolved": "https://registry.npmjs.org/asn1/-/asn1-0.2.3.tgz",
      "integrity": "sha1-2sh4dxPJlmhJ/IGAd36+nB3fO4Y="
    },
    "atom-space-pen-views": {
      "version": "2.1.0",
      "resolved": "https://registry.npmjs.org/atom-space-pen-views/-/atom-space-pen-views-2.1.0.tgz",
      "integrity": "sha1-aI5zoEocwPWkHCVMaHXnLVj6/7E=",
      "requires": {
        "fuzzaldrin": "^2.1.0",
        "space-pen": "^5.0.1"
      },
      "dependencies": {
        "fuzzaldrin": {
          "version": "2.1.0",
          "resolved": "https://registry.npmjs.org/fuzzaldrin/-/fuzzaldrin-2.1.0.tgz",
          "integrity": "sha1-kCBMPi/appQbso0WZF1BgGOpDps="
        },
        "space-pen": {
          "version": "5.1.1",
          "resolved": "https://registry.npmjs.org/space-pen/-/space-pen-5.1.1.tgz",
          "integrity": "sha1-98xh7T43FxiqBdVGCMp3hN63vIk=",
          "requires": {
            "grim": "^1.0.0",
            "jquery": "^2.1.3",
            "underscore-plus": "1.x"
          },
          "dependencies": {
            "grim": {
              "version": "1.4.1",
              "resolved": "https://registry.npmjs.org/grim/-/grim-1.4.1.tgz",
              "integrity": "sha1-vUe/EYI7v7H8cxkU+rUQFr6p5nc=",
              "requires": {
                "coffeestack": "^1",
                "emissary": "^1.2.0"
              },
              "dependencies": {
                "coffeestack": {
                  "version": "1.1.2",
                  "resolved": "https://registry.npmjs.org/coffeestack/-/coffeestack-1.1.2.tgz",
                  "integrity": "sha1-NSePO+uc5vXQraH7bgh4UrZXzpg=",
                  "requires": {
                    "coffee-script": "~1.8.0",
                    "fs-plus": "^2.5.0",
                    "source-map": "~0.1.43"
                  },
                  "dependencies": {
                    "coffee-script": {
                      "version": "1.8.0",
                      "resolved": "https://registry.npmjs.org/coffee-script/-/coffee-script-1.8.0.tgz",
                      "integrity": "sha1-nJ8dK0pSoADe0Vtll5FwNkgmPB0=",
                      "requires": {
                        "mkdirp": "~0.3.5"
                      },
                      "dependencies": {
                        "mkdirp": {
                          "version": "0.3.5",
                          "resolved": "https://registry.npmjs.org/mkdirp/-/mkdirp-0.3.5.tgz",
                          "integrity": "sha1-3j5fiWHIjHh+4TaN+EmsRBPsqNc="
                        }
                      }
                    },
                    "fs-plus": {
                      "version": "2.8.1",
                      "resolved": "https://registry.npmjs.org/fs-plus/-/fs-plus-2.8.1.tgz",
                      "integrity": "sha1-YLyuDSBm9LtHJvI63VJdragGMPY=",
                      "requires": {
                        "async": "~0.2.9",
                        "mkdirp": "~0.3.5",
                        "rimraf": "~2.2.2",
                        "underscore-plus": "1.x"
                      },
                      "dependencies": {
                        "async": {
                          "version": "0.2.10",
                          "resolved": "https://registry.npmjs.org/async/-/async-0.2.10.tgz",
                          "integrity": "sha1-trvgsGdLnXGXCMo43owjfLUmw9E="
                        },
                        "mkdirp": {
                          "version": "0.3.5",
                          "resolved": "https://registry.npmjs.org/mkdirp/-/mkdirp-0.3.5.tgz",
                          "integrity": "sha1-3j5fiWHIjHh+4TaN+EmsRBPsqNc="
                        },
                        "rimraf": {
                          "version": "2.2.8",
                          "resolved": "https://registry.npmjs.org/rimraf/-/rimraf-2.2.8.tgz",
                          "integrity": "sha1-5Dm+Kq7jJzIZUnMPmaiSnk/FBYI="
                        }
                      }
                    },
                    "source-map": {
                      "version": "0.1.43",
                      "resolved": "https://registry.npmjs.org/source-map/-/source-map-0.1.43.tgz",
                      "integrity": "sha1-wkvBRspRfBRx9drL4lcbK3+eM0Y=",
                      "requires": {
                        "amdefine": ">=0.0.4"
                      },
                      "dependencies": {
                        "amdefine": {
                          "version": "1.0.0",
                          "resolved": "https://registry.npmjs.org/amdefine/-/amdefine-1.0.0.tgz",
                          "integrity": "sha1-/RdHRwDLXMnCtwnwvp0jzjwZjDM="
                        }
                      }
                    }
                  }
                },
                "emissary": {
                  "version": "1.3.3",
                  "resolved": "https://registry.npmjs.org/emissary/-/emissary-1.3.3.tgz",
                  "integrity": "sha1-phjZLWgrIy0xER3DYlpd9mF5lgY=",
                  "requires": {
                    "es6-weak-map": "^0.1.2",
                    "mixto": "1.x",
                    "property-accessors": "^1.1",
                    "underscore-plus": "1.x"
                  },
                  "dependencies": {
                    "es6-weak-map": {
                      "version": "0.1.4",
                      "resolved": "https://registry.npmjs.org/es6-weak-map/-/es6-weak-map-0.1.4.tgz",
                      "integrity": "sha1-cGzvnpmqI2undmwjnIueKG6n0ig=",
                      "requires": {
                        "d": "~0.1.1",
                        "es5-ext": "~0.10.6",
                        "es6-iterator": "~0.1.3",
                        "es6-symbol": "~2.0.1"
                      },
                      "dependencies": {
                        "d": {
                          "version": "0.1.1",
                          "resolved": "https://registry.npmjs.org/d/-/d-0.1.1.tgz",
                          "integrity": "sha1-2hhMU10Y2O57oqoim5FACfrhEwk=",
                          "requires": {
                            "es5-ext": "~0.10.2"
                          }
                        },
                        "es5-ext": {
                          "version": "0.10.7",
                          "resolved": "https://registry.npmjs.org/es5-ext/-/es5-ext-0.10.7.tgz",
                          "integrity": "sha1-366lByEwEELi2JwXGdQ0k/qCFlY=",
                          "requires": {
                            "es6-iterator": "~0.1.3",
                            "es6-symbol": "~2.0.1"
                          }
                        },
                        "es6-iterator": {
                          "version": "0.1.3",
                          "resolved": "https://registry.npmjs.org/es6-iterator/-/es6-iterator-0.1.3.tgz",
                          "integrity": "sha1-1vWLjE/EE8JJtLqhl2j45NfIlE4=",
                          "requires": {
                            "d": "~0.1.1",
                            "es5-ext": "~0.10.5",
                            "es6-symbol": "~2.0.1"
                          }
                        },
                        "es6-symbol": {
                          "version": "2.0.1",
                          "resolved": "https://registry.npmjs.org/es6-symbol/-/es6-symbol-2.0.1.tgz",
                          "integrity": "sha1-dhtcZ8/U8dGK+yNPaR1nhoLLO/M=",
                          "requires": {
                            "d": "~0.1.1",
                            "es5-ext": "~0.10.5"
                          }
                        }
                      }
                    },
                    "mixto": {
                      "version": "1.0.0",
                      "resolved": "https://registry.npmjs.org/mixto/-/mixto-1.0.0.tgz",
                      "integrity": "sha1-wyDvYbUvKJj1IuF9i7xtUG2EJbY="
                    },
                    "property-accessors": {
                      "version": "1.1.3",
                      "resolved": "https://registry.npmjs.org/property-accessors/-/property-accessors-1.1.3.tgz",
                      "integrity": "sha1-Hd6EAkYxhlkJ7zBwM2VoDF+SixU=",
                      "requires": {
                        "es6-weak-map": "^0.1.2",
                        "mixto": "1.x"
                      }
                    }
                  }
                }
              }
            },
            "jquery": {
              "version": "2.1.4",
              "resolved": "https://registry.npmjs.org/jquery/-/jquery-2.1.4.tgz",
              "integrity": "sha1-IoveaYoMYUMdwmMKahVPFYkNIxc="
            },
            "underscore-plus": {
              "version": "1.6.6",
              "resolved": "https://registry.npmjs.org/underscore-plus/-/underscore-plus-1.6.6.tgz",
              "integrity": "sha1-ZezeG9xEGjXYnmUP1w3PE65Dmn0=",
              "requires": {
                "underscore": "~1.6.0"
              },
              "dependencies": {
                "underscore": {
                  "version": "1.6.0",
                  "resolved": "https://registry.npmjs.org/underscore/-/underscore-1.6.0.tgz",
                  "integrity": "sha1-izixDKze9jM3uLJOT/htRa6lKag="
                }
              }
            }
          }
        }
      }
    },
    "diff": {
      "version": "4.0.1",
      "resolved": "https://registry.npmjs.org/diff/-/diff-4.0.1.tgz",
      "integrity": "sha512-s2+XdvhPCOF01LRQBC8hf4vhbVmI2CGS5aZnxLJlT5FtdhPCDFq80q++zK2KlrVorVDdL5BOGZ/VfLrVtYNF+Q=="
    },
    "drivelist": {
      "version": "1.3.0",
      "resolved": "https://registry.npmjs.org/drivelist/-/drivelist-1.3.0.tgz",
      "integrity": "sha1-uLHbTqaCdgkJXwxiaUp+IrHREFY=",
      "requires": {
        "async": "^1.4.0",
        "lodash": "^3.0.1",
        "table-parser": "0.0.3"
      },
      "dependencies": {
        "async": {
          "version": "1.4.2",
          "resolved": "https://registry.npmjs.org/async/-/async-1.4.2.tgz",
          "integrity": "sha1-bJ7csRztTw3S8tQNsNSaEJwIiqs="
        },
        "lodash": {
          "version": "3.10.1",
          "resolved": "https://registry.npmjs.org/lodash/-/lodash-3.10.1.tgz",
          "integrity": "sha1-W/Rejkm6QYnhfUgnid/RW9FAt7Y="
        },
        "table-parser": {
          "version": "0.0.3",
          "resolved": "https://registry.npmjs.org/table-parser/-/table-parser-0.0.3.tgz",
          "integrity": "sha1-NWQEQ+3DJ/m3Y9Ma+bKsfdtftr0="
        }
      }
    },
    "filesize": {
      "version": "3.3.0",
      "resolved": "https://registry.npmjs.org/filesize/-/filesize-3.3.0.tgz",
      "integrity": "sha1-UxSeo0YOOy4CSWKlFkiqVyz5gSI="
    },
    "fs-extra": {
      "version": "0.30.0",
      "resolved": "https://registry.npmjs.org/fs-extra/-/fs-extra-0.30.0.tgz",
      "integrity": "sha1-8jP/zAjU2n1DLapEl3aYnbHfk/A=",
      "requires": {
        "graceful-fs": "^4.1.2",
        "jsonfile": "^2.1.0",
        "klaw": "^1.0.0",
        "path-is-absolute": "^1.0.0",
        "rimraf": "^2.2.8"
      },
      "dependencies": {
        "graceful-fs": {
          "version": "4.1.6",
          "resolved": "https://registry.npmjs.org/graceful-fs/-/graceful-fs-4.1.6.tgz",
          "integrity": "sha1-UUw4dysxvuLgi+3CGgrrOr9UwZ4="
        },
        "jsonfile": {
          "version": "2.3.1",
          "resolved": "https://registry.npmjs.org/jsonfile/-/jsonfile-2.3.1.tgz",
          "integrity": "sha1-KLyynFlrW3qv005mKjKbpizYQvw="
        },
        "klaw": {
          "version": "1.3.0",
          "resolved": "https://registry.npmjs.org/klaw/-/klaw-1.3.0.tgz",
          "integrity": "sha1-iFe/vB2CS63xPT0CQdi75G+xL3M="
        },
        "path-is-absolute": {
          "version": "1.0.0",
          "resolved": "https://registry.npmjs.org/path-is-absolute/-/path-is-absolute-1.0.0.tgz",
          "integrity": "sha1-Jj2tpmqz8vsQv3+dJN2PPlcO+RI="
        },
        "rimraf": {
          "version": "2.5.4",
          "resolved": "https://registry.npmjs.org/rimraf/-/rimraf-2.5.4.tgz",
          "integrity": "sha1-loAAk8vxoMhr2VtGJUZ1NcKd+gQ=",
          "requires": {
            "glob": "^7.0.5"
          },
          "dependencies": {
            "glob": {
              "version": "7.0.6",
              "resolved": "https://registry.npmjs.org/glob/-/glob-7.0.6.tgz",
              "integrity": "sha1-IRuvr0nlJbjNkyYNFKsTYVKz9Xo=",
              "requires": {
                "fs.realpath": "^1.0.0",
                "inflight": "^1.0.4",
                "inherits": "2",
                "minimatch": "^3.0.2",
                "once": "^1.3.0",
                "path-is-absolute": "^1.0.0"
              },
              "dependencies": {
                "fs.realpath": {
                  "version": "1.0.0",
                  "resolved": "https://registry.npmjs.org/fs.realpath/-/fs.realpath-1.0.0.tgz",
                  "integrity": "sha1-FQStJSMVjKpA20onh8sBQRmU6k8="
                },
                "inflight": {
                  "version": "1.0.5",
                  "resolved": "https://registry.npmjs.org/inflight/-/inflight-1.0.5.tgz",
                  "integrity": "sha1-2zIEzVqd4ubNiQuFxuL2a89PYgo=",
                  "requires": {
                    "once": "^1.3.0",
                    "wrappy": "1"
                  },
                  "dependencies": {
                    "wrappy": {
                      "version": "1.0.2",
                      "resolved": "https://registry.npmjs.org/wrappy/-/wrappy-1.0.2.tgz",
                      "integrity": "sha1-tSQ9jz7BqjXxNkYFvA0QNuMKtp8="
                    }
                  }
                },
                "inherits": {
                  "version": "2.0.1",
                  "resolved": "https://registry.npmjs.org/inherits/-/inherits-2.0.1.tgz",
                  "integrity": "sha1-sX0I0ya0Qj5Wjv9xn5GwscvfafE="
                },
                "minimatch": {
                  "version": "3.0.3",
                  "resolved": "https://registry.npmjs.org/minimatch/-/minimatch-3.0.3.tgz",
                  "integrity": "sha1-Kk5AkLlrLbBqnX3wEFWmKnfJt3Q=",
                  "requires": {
                    "brace-expansion": "^1.0.0"
                  },
                  "dependencies": {
                    "brace-expansion": {
                      "version": "1.1.6",
                      "resolved": "https://registry.npmjs.org/brace-expansion/-/brace-expansion-1.1.6.tgz",
                      "integrity": "sha1-cZfX6qm4fmSDkOph/GbIRCdCDfk=",
                      "requires": {
                        "balanced-match": "^0.4.1",
                        "concat-map": "0.0.1"
                      },
                      "dependencies": {
                        "balanced-match": {
                          "version": "0.4.2",
                          "resolved": "https://registry.npmjs.org/balanced-match/-/balanced-match-0.4.2.tgz",
                          "integrity": "sha1-yz8+PHMtwPAe5wtAPzAuYddwmDg="
                        },
                        "concat-map": {
                          "version": "0.0.1",
                          "resolved": "https://registry.npmjs.org/concat-map/-/concat-map-0.0.1.tgz",
                          "integrity": "sha1-2Klr13/Wjfd5OnMDajug1UBdR3s="
                        }
                      }
                    }
                  }
                },
                "once": {
                  "version": "1.3.3",
                  "resolved": "https://registry.npmjs.org/once/-/once-1.3.3.tgz",
                  "integrity": "sha1-suJhVXzkwxTsgwTz+oJmPkKXyiA=",
                  "requires": {
                    "wrappy": "1"
                  },
                  "dependencies": {
                    "wrappy": {
                      "version": "1.0.2",
                      "resolved": "https://registry.npmjs.org/wrappy/-/wrappy-1.0.2.tgz",
                      "integrity": "sha1-tSQ9jz7BqjXxNkYFvA0QNuMKtp8="
                    }
                  }
                }
              }
            }
          }
        }
      }
    },
    "fs-plus": {
      "version": "2.9.1",
      "resolved": "https://registry.npmjs.org/fs-plus/-/fs-plus-2.9.1.tgz",
      "integrity": "sha1-JbxJ70EkQa1m/fWXSp8PlC+nhEs=",
      "requires": {
        "async": "~0.2.9",
        "mkdirp": "~0.3.5",
        "rimraf": "~2.2.2",
        "underscore-plus": "1.x"
      },
      "dependencies": {
        "async": {
          "version": "0.2.10",
          "resolved": "https://registry.npmjs.org/async/-/async-0.2.10.tgz",
          "integrity": "sha1-trvgsGdLnXGXCMo43owjfLUmw9E="
        },
        "mkdirp": {
          "version": "0.3.5",
          "resolved": "https://registry.npmjs.org/mkdirp/-/mkdirp-0.3.5.tgz",
          "integrity": "sha1-3j5fiWHIjHh+4TaN+EmsRBPsqNc="
        },
        "rimraf": {
          "version": "2.2.8",
          "resolved": "https://registry.npmjs.org/rimraf/-/rimraf-2.2.8.tgz",
          "integrity": "sha1-5Dm+Kq7jJzIZUnMPmaiSnk/FBYI="
        },
        "underscore-plus": {
          "version": "1.6.6",
          "resolved": "https://registry.npmjs.org/underscore-plus/-/underscore-plus-1.6.6.tgz",
          "integrity": "sha1-ZezeG9xEGjXYnmUP1w3PE65Dmn0=",
          "requires": {
            "underscore": "~1.6.0"
          },
          "dependencies": {
            "underscore": {
              "version": "1.6.0",
              "resolved": "https://registry.npmjs.org/underscore/-/underscore-1.6.0.tgz",
              "integrity": "sha1-izixDKze9jM3uLJOT/htRa6lKag="
            }
          }
        }
      }
    },
    "ftp": {
      "version": "0.3.10",
      "resolved": "https://registry.npmjs.org/ftp/-/ftp-0.3.10.tgz",
      "integrity": "sha1-kZfYYa2BQvPmPVqDv+TFn3MwiF0=",
      "requires": {
        "readable-stream": "1.1.x",
        "xregexp": "2.0.0"
      },
      "dependencies": {
        "readable-stream": {
          "version": "1.1.13",
          "resolved": "https://registry.npmjs.org/readable-stream/-/readable-stream-1.1.13.tgz",
          "integrity": "sha1-9u73ZPUUyJ4rniMUanW6EGdW0j4=",
          "requires": {
            "core-util-is": "~1.0.0",
            "inherits": "~2.0.1",
            "isarray": "0.0.1",
            "string_decoder": "~0.10.x"
          },
          "dependencies": {
            "core-util-is": {
              "version": "1.0.1",
              "resolved": "https://registry.npmjs.org/core-util-is/-/core-util-is-1.0.1.tgz",
              "integrity": "sha1-awcIWu+aPMrG7lO/nT3wwVIaVTg="
            },
            "inherits": {
              "version": "2.0.1",
              "resolved": "https://registry.npmjs.org/inherits/-/inherits-2.0.1.tgz",
              "integrity": "sha1-sX0I0ya0Qj5Wjv9xn5GwscvfafE="
            },
            "isarray": {
              "version": "0.0.1",
              "resolved": "https://registry.npmjs.org/isarray/-/isarray-0.0.1.tgz",
              "integrity": "sha1-ihis/Kmo9Bd+Cav8YDiTmwXR7t8="
            },
            "string_decoder": {
              "version": "0.10.31",
              "resolved": "https://registry.npmjs.org/string_decoder/-/string_decoder-0.10.31.tgz",
              "integrity": "sha1-YuIDvEF2bGwoyfyEMB2rHFMQ+pQ="
            }
          }
        },
        "xregexp": {
          "version": "2.0.0",
          "resolved": "https://registry.npmjs.org/xregexp/-/xregexp-2.0.0.tgz",
          "integrity": "sha1-UqY+VsoLhKfzpfPWGHLxJq16WUM="
        }
      }
    },
    "fuzzaldrin": {
      "version": "2.1.0",
      "resolved": "https://registry.npmjs.org/fuzzaldrin/-/fuzzaldrin-2.1.0.tgz",
      "integrity": "sha1-kCBMPi/appQbso0WZF1BgGOpDps="
    },
    "inherits": {
      "version": "2.0.4",
      "resolved": "https://registry.npmjs.org/inherits/-/inherits-2.0.4.tgz",
      "integrity": "sha512-k/vGaX4/Yla3WzyMCvTQOXYeIHvqOKtnqBduzTHpzpQZzAskKMhZ2K+EnBiSM9zGSoIFeMpXKxa4dYeZIQqewQ=="
    },
    "minimatch": {
      "version": "2.0.10",
      "resolved": "https://registry.npmjs.org/minimatch/-/minimatch-2.0.10.tgz",
      "integrity": "sha1-jQh8OcazjAAbl/ynzm0OHoCvusc=",
      "requires": {
        "brace-expansion": "^1.0.0"
      },
      "dependencies": {
        "brace-expansion": {
          "version": "1.1.0",
          "resolved": "https://registry.npmjs.org/brace-expansion/-/brace-expansion-1.1.0.tgz",
          "integrity": "sha1-ybfQPAPze8cEvhAOUitA249s/Nk=",
          "requires": {
            "balanced-match": "^0.2.0",
            "concat-map": "0.0.1"
          },
          "dependencies": {
            "balanced-match": {
              "version": "0.2.0",
              "resolved": "https://registry.npmjs.org/balanced-match/-/balanced-match-0.2.0.tgz",
              "integrity": "sha1-OPZzDAOqttXtu1K9k0iF51bXFnQ="
            },
            "concat-map": {
              "version": "0.0.1",
              "resolved": "https://registry.npmjs.org/concat-map/-/concat-map-0.0.1.tgz",
              "integrity": "sha1-2Klr13/Wjfd5OnMDajug1UBdR3s="
            }
          }
        }
      }
    },
    "nschedule": {
      "version": "0.3.0",
      "resolved": "https://registry.npmjs.org/nschedule/-/nschedule-0.3.0.tgz",
      "integrity": "sha1-msRn1ksZwhUNij/B+elYGghDW78=",
      "requires": {
        "priorityqueuejs": "0.1.0"
      },
      "dependencies": {
        "priorityqueuejs": {
          "version": "0.1.0",
          "resolved": "https://registry.npmjs.org/priorityqueuejs/-/priorityqueuejs-0.1.0.tgz",
          "integrity": "sha1-QXt+bhuqXRN5qScC//m+5HnTTAU="
        }
      }
    },
    "path": {
      "version": "0.11.14",
      "resolved": "https://registry.npmjs.org/path/-/path-0.11.14.tgz",
      "integrity": "sha1-y8dWk1XLPIOv60rOQ+z/lSMeWn0="
    },
    "q": {
      "version": "1.4.1",
      "resolved": "https://registry.npmjs.org/q/-/q-1.4.1.tgz",
      "integrity": "sha1-VXBbzZPF82c1MMLCy8DCs63cKG4="
    },
    "queue": {
      "version": "6.0.2",
      "resolved": "https://registry.npmjs.org/queue/-/queue-6.0.2.tgz",
      "integrity": "sha512-iHZWu+q3IdFZFX36ro/lKBkSvfkztY5Y7HMiPlOUjhupPcG2JMfst2KKEpu5XndviX/3UhFbRngUPNKtgvtZiA==",
      "requires": {
        "inherits": "~2.0.3"
      }
    },
    "scmp": {
      "version": "2.0.0",
      "resolved": "https://registry.npmjs.org/scmp/-/scmp-2.0.0.tgz",
      "integrity": "sha1-JHEQ7yLM+JexOj8KvdtSeCOTzWo="
    },
    "semver": {
      "version": "5.3.0",
      "resolved": "https://registry.npmjs.org/semver/-/semver-5.3.0.tgz",
      "integrity": "sha1-myzl094C0XxgEq0yaqa00M9U+U8="
    },
    "simple-encryptor": {
      "version": "3.0.0",
      "resolved": "https://registry.npmjs.org/simple-encryptor/-/simple-encryptor-3.0.0.tgz",
      "integrity": "sha1-yI31LjNgN+J25zHL6Jx1hGwaick=",
      "requires": {
        "scmp": "2.0.0"
      }
    },
    "ssh2": {
      "version": "0.5.4",
      "resolved": "https://registry.npmjs.org/ssh2/-/ssh2-0.5.4.tgz",
      "integrity": "sha1-G/a2soyW6u8mf01sRqWiUXpZnic=",
      "requires": {
        "ssh2-streams": "~0.1.15"
      }
    },
    "ssh2-streams": {
      "version": "0.1.16",
      "resolved": "https://registry.npmjs.org/ssh2-streams/-/ssh2-streams-0.1.16.tgz",
      "integrity": "sha1-rJ086eBi+M8I/M5bOidLbVzs3FQ=",
      "requires": {
        "asn1": "~0.2.0",
        "semver": "^5.1.0",
        "streamsearch": "~0.1.2"
      }
    },
    "streamsearch": {
      "version": "0.1.2",
      "resolved": "https://registry.npmjs.org/streamsearch/-/streamsearch-0.1.2.tgz",
      "integrity": "sha1-gIudDlb8Jz2Am6VzOOkpkZoanxo="
    },
    "typescript": {
      "version": "4.2.3",
      "resolved": "https://registry.npmjs.org/typescript/-/typescript-4.2.3.tgz",
      "integrity": "sha512-qOcYwxaByStAWrBf4x0fibwZvMRG+r4cQoTjbPtUlrWjBHbmCAww1i448U0GJ+3cNNEtebDteo/cHOR3xJ4wEw==",
      "dev": true
    }
  }
}
